{
  "name": "@open-inspect/islo-infra",
  "version": "0.1.0",
  "lockfileVersion": 3,
  "requires": true,
  "packages": {
    "": {
      "name": "@open-inspect/islo-infra",
      "version": "0.1.0",
      "dependencies": {
        "@islo-labs/sdk": "^0.0.20"
      },
      "engines": {
        "node": ">=20.0.0"
      }
    },
    "node_modules/@islo-labs/sdk": {
      "version": "0.0.20",
      "resolved": "https://registry.npmjs.org/@islo-labs/sdk/-/sdk-0.0.20.tgz",
      "integrity": "sha512-lquG7r51w6O7uSKsGYVmLgzSF8ZGXZ+YIm+EVBISb3ZDYO4/qZfvVNiTGpu+v8JWHyTZk18eGFz7oYUGxEKG+A==",
      "license": "MIT",
      "engines": {
        "node": ">=18.0.0"
      }
    }
  }
}
